
Microsoft Visual Studio Solution File, Format Version 12.00
# Visual Studio Version 16
VisualStudioVersion = 16.0.29306.81
MinimumVisualStudioVersion = 10.0.40219.1
Project("{FAE04EC0-301F-11D3-BF4B-00C04F79EFBC}") = "Calculmental", "Calculmental.csproj", "{67C6F846-506B-4991-8881-AD713B370612}"
EndProject
Global
	GlobalSection(SolutionConfigurationPlatforms) = preSolution
		Debug|Any CPU = Debug|Any CPU
		Release|Any CPU = Release|Any CPU
	EndGlobalSection
	GlobalSection(ProjectConfigurationPlatforms) = postSolution
		{67C6F846-506B-4991-8881-AD713B370612}.Debug|Any CPU.ActiveCfg = Debug|Any CPU
		{67C6F846-506B-4991-8881-AD713B370612}.Debug|Any CPU.Build.0 = Debug|Any CPU
		{67C6F846-506B-4991-8881-AD713B370612}.Release|Any CPU.ActiveCfg = Release|Any CPU
		{67C6F846-506B-4991-8881-AD713B370612}.Release|Any CPU.Build.0 = Release|Any CPU
	EndGlobalSection
	GlobalSection(SolutionProperties) = preSolution
		HideSolutionNode = FALSE
	EndGlobalSection
	GlobalSection(ExtensibilityGlobals) = postSolution
		SolutionGuid = {677F7A0C-C203-44B5-841C-94FA4CC3F974}
	EndGlobalSection
EndGlobal
